
Microsoft Visual Studio Solution File, Format Version 12.00
# Visual Studio Version 16
VisualStudioVersion = 16.0.34601.136
MinimumVisualStudioVersion = 10.0.40219.1
Project("{FAE04EC0-301F-11D3-BF4B-00C04F79EFBC}") = "yurtOtomasyon", "yurtOtomasyon\yurtOtomasyon.csproj", "{ECB8BD03-8DE5-4AB6-94DE-14831724ABF7}"
EndProject
Project("{54435603-DBB4-11D2-8724-00A0C9A8B90C}") = "Setup2", "Setup2\Setup2.vdproj", "{5A772E29-C53F-49DF-BF1A-23DE3B6EF20F}"
EndProject
Global
	GlobalSection(SolutionConfigurationPlatforms) = preSolution
		Debug|Any CPU = Debug|Any CPU
		Release|Any CPU = Release|Any CPU
	EndGlobalSection
	GlobalSection(ProjectConfigurationPlatforms) = postSolution
		{ECB8BD03-8DE5-4AB6-94DE-14831724ABF7}.Debug|Any CPU.ActiveCfg = Debug|Any CPU
		{ECB8BD03-8DE5-4AB6-94DE-14831724ABF7}.Debug|Any CPU.Build.0 = Debug|Any CPU
		{ECB8BD03-8DE5-4AB6-94DE-14831724ABF7}.Release|Any CPU.ActiveCfg = Release|Any CPU
		{ECB8BD03-8DE5-4AB6-94DE-14831724ABF7}.Release|Any CPU.Build.0 = Release|Any CPU
		{5A772E29-C53F-49DF-BF1A-23DE3B6EF20F}.Debug|Any CPU.ActiveCfg = Debug
		{5A772E29-C53F-49DF-BF1A-23DE3B6EF20F}.Release|Any CPU.ActiveCfg = Release
	EndGlobalSection
	GlobalSection(SolutionProperties) = preSolution
		HideSolutionNode = FALSE
	EndGlobalSection
	GlobalSection(ExtensibilityGlobals) = postSolution
		SolutionGuid = {1ECFB885-3840-4088-91DB-71823F25C3B7}
	EndGlobalSection
EndGlobal
